
Microsoft Visual Studio Solution File, Format Version 12.00
# Visual Studio 14
VisualStudioVersion = 14.0.24720.0
MinimumVisualStudioVersion = 10.0.40219.1
Project("{FAE04EC0-301F-11D3-BF4B-00C04F79EFBC}") = "RenoCalc", "RenoCalc\RenoCalc.csproj", "{8A5B8209-8E3A-4C08-B050-B5AA0E651206}"
EndProject
Project("{2150E333-8FDC-42A3-9474-1A3956D46DE8}") = "Solution Items", "Solution Items", "{E2D07179-F672-4CCF-AA41-21BA9B4EC89F}"
	ProjectSection(SolutionItems) = preProject
		LICENSE.txt = LICENSE.txt
	EndProjectSection
EndProject
Global
	GlobalSection(SolutionConfigurationPlatforms) = preSolution
		Debug|Any CPU = Debug|Any CPU
		Release|Any CPU = Release|Any CPU
	EndGlobalSection
	GlobalSection(ProjectConfigurationPlatforms) = postSolution
		{8A5B8209-8E3A-4C08-B050-B5AA0E651206}.Debug|Any CPU.ActiveCfg = Debug|Any CPU
		{8A5B8209-8E3A-4C08-B050-B5AA0E651206}.Debug|Any CPU.Build.0 = Debug|Any CPU
		{8A5B8209-8E3A-4C08-B050-B5AA0E651206}.Release|Any CPU.ActiveCfg = Release|Any CPU
		{8A5B8209-8E3A-4C08-B050-B5AA0E651206}.Release|Any CPU.Build.0 = Release|Any CPU
	EndGlobalSection
	GlobalSection(SolutionProperties) = preSolution
		HideSolutionNode = FALSE
	EndGlobalSection
EndGlobal
